
Microsoft Visual Studio Solution File, Format Version 12.00
# Visual Studio Version 17
VisualStudioVersion = 17.14.36414.22 d17.14
MinimumVisualStudioVersion = 10.0.40219.1
Project("{FAE04EC0-301F-11D3-BF4B-00C04F79EFBC}") = "FocusTrack", "FocusTrack\FocusTrack.csproj", "{04B25380-E840-462D-9DC3-A265C20ACFC5}"
EndProject
Global
	GlobalSection(SolutionConfigurationPlatforms) = preSolution
		Debug|Any CPU = Debug|Any CPU
		Release|Any CPU = Release|Any CPU
	EndGlobalSection
	GlobalSection(ProjectConfigurationPlatforms) = postSolution
		{04B25380-E840-462D-9DC3-A265C20ACFC5}.Debug|Any CPU.ActiveCfg = Debug|Any CPU
		{04B25380-E840-462D-9DC3-A265C20ACFC5}.Debug|Any CPU.Build.0 = Debug|Any CPU
		{04B25380-E840-462D-9DC3-A265C20ACFC5}.Release|Any CPU.ActiveCfg = Release|Any CPU
		{04B25380-E840-462D-9DC3-A265C20ACFC5}.Release|Any CPU.Build.0 = Release|Any CPU
	EndGlobalSection
	GlobalSection(SolutionProperties) = preSolution
		HideSolutionNode = FALSE
	EndGlobalSection
	GlobalSection(ExtensibilityGlobals) = postSolution
		SolutionGuid = {5E883F16-5F87-4C66-B9C6-6FAB6055210A}
	EndGlobalSection
EndGlobal
